// !$*UTF8*$!
{
	archiveVersion = 1;
	classes = {
	};
	objectVersion = 50;
	objects = {

/* Begin PBXBuildFile section */
		0FFBBEF8F06665AC34C87884 /* Pods_showCrsh.framework in Frameworks */ = {isa = PBXBuildFile; fileRef = 361381BB339CA4F006E9EA8B /* Pods_showCrsh.framework */; };
		46C95FE921C8BE2C00898151 /* AppDelegate.swift in Sources */ = {isa = PBXBuildFile; fileRef = 46C95FE821C8BE2C00898151 /* AppDelegate.swift */; };
		46C95FEB21C8BE2C00898151 /* ViewController.swift in Sources */ = {isa = PBXBuildFile; fileRef = 46C95FEA21C8BE2C00898151 /* ViewController.swift */; };
		46C95FEE21C8BE2C00898151 /* Main.storyboard in Resources */ = {isa = PBXBuildFile; fileRef = 46C95FEC21C8BE2C00898151 /* Main.storyboard */; };
		46C95FF121C8BE2C00898151 /* showCrsh.xcdatamodeld in Sources */ = {isa = PBXBuildFile; fileRef = 46C95FEF21C8BE2C00898151 /* showCrsh.xcdatamodeld */; };
		46C95FF321C8BE3500898151 /* Assets.xcassets in Resources */ = {isa = PBXBuildFile; fileRef = 46C95FF221C8BE3500898151 /* Assets.xcassets */; };
		46C95FF621C8BE3500898151 /* LaunchScreen.storyboard in Resources */ = {isa = PBXBuildFile; fileRef = 46C95FF421C8BE3500898151 /* LaunchScreen.storyboard */; };
/* End PBXBuildFile section */

/* Begin PBXFileReference section */
		25E9E45EDD277F61F1DD75AF /* Pods-showCrsh.release.xcconfig */ = {isa = PBXFileReference; includeInIndex = 1; lastKnownFileType = text.xcconfig; name = "Pods-showCrsh.release.xcconfig"; path = "Pods/Target Support Files/Pods-showCrsh/Pods-showCrsh.release.xcconfig"; sourceTree = "<group>"; };
		361381BB339CA4F006E9EA8B /* Pods_showCrsh.framework */ = {isa = PBXFileReference; explicitFileType = wrapper.framework; includeInIndex = 0; path = Pods_showCrsh.framework; sourceTree = BUILT_PRODUCTS_DIR; };
		46C95FE521C8BE2C00898151 /* showCrsh.app */ = {isa = PBXFileReference; explicitFileType = wrapper.application; includeInIndex = 0; path = showCrsh.app; sourceTree = BUILT_PRODUCTS_DIR; };
		46C95FE821C8BE2C00898151 /* AppDelegate.swift */ = {isa = PBXFileReference; lastKnownFileType = sourcecode.swift; path = AppDelegate.swift; sourceTree = "<group>"; };
		46C95FEA21C8BE2C00898151 /* ViewController.swift */ = {isa = PBXFileReference; lastKnownFileType = sourcecode.swift; path = ViewController.swift; sourceTree = "<group>"; };
		46C95FED21C8BE2C00898151 /* Base */ = {isa = PBXFileReference; lastKnownFileType = file.storyboard; name = Base; path = Base.lproj/Main.storyboard; sourceTree = "<group>"; };
		46C95FF021C8BE2C00898151 /* showCrsh.xcdatamodel */ = {isa = PBXFileReference; lastKnownFileType = wrapper.xcdatamodel; path = showCrsh.xcdatamodel; sourceTree = "<group>"; };
		46C95FF221C8BE3500898151 /* Assets.xcassets */ = {isa = PBXFileReference; lastKnownFileType = folder.assetcatalog; path = Assets.xcassets; sourceTree = "<group>"; };
		46C95FF521C8BE3500898151 /* Base */ = {isa = PBXFileReference; lastKnownFileType = file.storyboard; name = Base; path = Base.lproj/LaunchScreen.storyboard; sourceTree = "<group>"; };
		46C95FF721C8BE3500898151 /* Info.plist */ = {isa = PBXFileReference; lastKnownFileType = text.plist.xml; path = Info.plist; sourceTree = "<group>"; };
		D0A2E1FACFD896AF6791ECA7 /* Pods-showCrsh.debug.xcconfig */ = {isa = PBXFileReference; includeInIndex = 1; lastKnownFileType = text.xcconfig; name = "Pods-showCrsh.debug.xcconfig"; path = "Pods/Target Support Files/Pods-showCrsh/Pods-showCrsh.debug.xcconfig"; sourceTree = "<group>"; };
/* End PBXFileReference section */

/* Begin PBXFrameworksBuildPhase section */
		46C95FE221C8BE2C00898151 /* Frameworks */ = {
			isa = PBXFrameworksBuildPhase;
			buildActionMask = 2147483647;
			files = (
				0FFBBEF8F06665AC34C87884 /* Pods_showCrsh.framework in Frameworks */,
			);
			runOnlyForDeploymentPostprocessing = 0;
		};
/* End PBXFrameworksBuildPhase section */

/* Begin PBXGroup section */
		3792834041CC953175FA7742 /* Pods */ = {
			isa = PBXGroup;
			children = (
				D0A2E1FACFD896AF6791ECA7 /* Pods-showCrsh.debug.xcconfig */,
				25E9E45EDD277F61F1DD75AF /* Pods-showCrsh.release.xcconfig */,
			);
			name = Pods;
			sourceTree = "<group>";
		};
		46C95FDC21C8BE2C00898151 = {
			isa = PBXGroup;
			children = (
				46C95FE721C8BE2C00898151 /* showCrsh */,
				46C95FE621C8BE2C00898151 /* Products */,
				3792834041CC953175FA7742 /* Pods */,
				75C5D72C434651AF9D7DC5E3 /* Frameworks */,
			);
			sourceTree = "<group>";
		};
		46C95FE621C8BE2C00898151 /* Products */ = {
			isa = PBXGroup;
			children = (
				46C95FE521C8BE2C00898151 /* showCrsh.app */,
			);
			name = Products;
			sourceTree = "<group>";
		};
		46C95FE721C8BE2C00898151 /* showCrsh */ = {
			isa = PBXGroup;
			children = (
				46C95FE821C8BE2C00898151 /* AppDelegate.swift */,
				46C95FEA21C8BE2C00898151 /* ViewController.swift */,
				46C95FEC21C8BE2C00898151 /* Main.storyboard */,
				46C95FF221C8BE3500898151 /* Assets.xcassets */,
				46C95FF421C8BE3500898151 /* LaunchScreen.storyboard */,
				46C95FF721C8BE3500898151 /* Info.plist */,
				46C95FEF21C8BE2C00898151 /* showCrsh.xcdatamodeld */,
			);
			path = showCrsh;
			sourceTree = "<group>";
		};
		75C5D72C434651AF9D7DC5E3 /* Frameworks */ = {
			isa = PBXGroup;
			children = (
				361381BB339CA4F006E9EA8B /* Pods_showCrsh.framework */,
			);
			name = Frameworks;
			sourceTree = "<group>";
		};
/* End PBXGroup section */

/* Begin PBXNativeTarget section */
		46C95FE421C8BE2C00898151 /* showCrsh */ = {
			isa = PBXNativeTarget;
			buildConfigurationList = 46C95FFA21C8BE3500898151 /* Build configuration list for PBXNativeTarget "showCrsh" */;
			buildPhases = (
				68740F586B3A0E5D3C740E62 /* [CP] Check Pods Manifest.lock */,
				46C95FE121C8BE2C00898151 /* Sources */,
				46C95FE221C8BE2C00898151 /* Frameworks */,
				46C95FE321C8BE2C00898151 /* Resources */,
				46C95FFD21C8C14700898151 /* ShellScript */,
			);
			buildRules = (
			);
			dependencies = (
			);
			name = showCrsh;
			productName = showCrsh;
			productReference = 46C95FE521C8BE2C00898151 /* showCrsh.app */;
			productType = "com.apple.product-type.application";
		};
/* End PBXNativeTarget section */

/* Begin PBXProject section */
		46C95FDD21C8BE2C00898151 /* Project object */ = {
			isa = PBXProject;
			attributes = {
				LastSwiftUpdateCheck = 1010;
				LastUpgradeCheck = 1010;
				ORGANIZATIONNAME = "Abhishek Pachal";
				TargetAttributes = {
					46C95FE421C8BE2C00898151 = {
						CreatedOnToolsVersion = 10.1;
					};
				};
			};
			buildConfigurationList = 46C95FE021C8BE2C00898151 /* Build configuration list for PBXProject "showCrsh" */;
			compatibilityVersion = "Xcode 9.3";
			developmentRegion = en;
			hasScannedForEncodings = 0;
			knownRegions = (
				en,
				Base,
			);
			mainGroup = 46C95FDC21C8BE2C00898151;
			productRefGroup = 46C95FE621C8BE2C00898151 /* Products */;
			projectDirPath = "";
			projectRoot = "";
			targets = (
				46C95FE421C8BE2C00898151 /* showCrsh */,
			);
		};
/* End PBXProject section */

/* Begin PBXResourcesBuildPhase section */
		46C95FE321C8BE2C00898151 /* Resources */ = {
			isa = PBXResourcesBuildPhase;
			buildActionMask = 2147483647;
			files = (
				46C95FF621C8BE3500898151 /* LaunchScreen.storyboard in Resources */,
				46C95FF321C8BE3500898151 /* Assets.xcassets in Resources */,
				46C95FEE21C8BE2C00898151 /* Main.storyboard in Resources */,
			);
			runOnlyForDeploymentPostprocessing = 0;
		};
/* End PBXResourcesBuildPhase section */

/* Begin PBXShellScriptBuildPhase section */
		46C95FFD21C8C14700898151 /* ShellScript */ = {
			isa = PBXShellScriptBuildPhase;
			buildActionMask = 2147483647;
			files = (
			);
			inputFileListPaths = (
			);
			inputPaths = (
				"$(BUILT_PRODUCTS_DIR)/$(INFOPLIST_PATH)",
			);
			outputFileListPaths = (
			);
			outputPaths = (
			);
			runOnlyForDeploymentPostprocessing = 0;
			shellPath = /bin/sh;
			shellScript = "\"${PODS_ROOT}/Fabric/run\" e88085389558e860a34728f3f46766d8d5231883 12561de28e5e116fa19bec9583c869bcbacd37a3088420e9d8bbc4a1d25a2be9\n";
		};
		68740F586B3A0E5D3C740E62 /* [CP] Check Pods Manifest.lock */ = {
			isa = PBXShellScriptBuildPhase;
			buildActionMask = 2147483647;
			files = (
			);
			inputPaths = (
				"${PODS_PODFILE_DIR_PATH}/Podfile.lock",
				"${PODS_ROOT}/Manifest.lock",
			);
			name = "[CP] Check Pods Manifest.lock";
			outputPaths = (
				"$(DERIVED_FILE_DIR)/Pods-showCrsh-checkManifestLockResult.txt",
			);
			runOnlyForDeploymentPostprocessing = 0;
			shellPath = /bin/sh;
			shellScript = "diff \"${PODS_PODFILE_DIR_PATH}/Podfile.lock\" \"${PODS_ROOT}/Manifest.lock\" > /dev/null\nif [ $? != 0 ] ; then\n    # print error to STDERR\n    echo \"error: The sandbox is not in sync with the Podfile.lock. Run 'pod install' or update your CocoaPods installation.\" >&2\n    exit 1\nfi\n# This output is used by Xcode 'outputs' to avoid re-running this script phase.\necho \"SUCCESS\" > \"${SCRIPT_OUTPUT_FILE_0}\"\n";
			showEnvVarsInLog = 0;
		};
/* End PBXShellScriptBuildPhase section */

/* Begin PBXSourcesBuildPhase section */
		46C95FE121C8BE2C00898151 /* Sources */ = {
			isa = PBXSourcesBuildPhase;
			buildActionMask = 2147483647;
			files = (
				46C95FEB21C8BE2C00898151 /* ViewController.swift in Sources */,
				46C95FF121C8BE2C00898151 /* showCrsh.xcdatamodeld in Sources */,
				46C95FE921C8BE2C00898151 /* AppDelegate.swift in Sources */,
			);
			runOnlyForDeploymentPostprocessing = 0;
		};
/* End PBXSourcesBuildPhase section */

/* Begin PBXVariantGroup section */
		46C95FEC21C8BE2C00898151 /* Main.storyboard */ = {
			isa = PBXVariantGroup;
			children = (
				46C95FED21C8BE2C00898151 /* Base */,
			);
			name = Main.storyboard;
			sourceTree = "<group>";
		};
		46C95FF421C8BE3500898151 /* LaunchScreen.storyboard */ = {
			isa = PBXVariantGroup;
			children = (
				46C95FF521C8BE3500898151 /* Base */,
			);
			name = LaunchScreen.storyboard;
			sourceTree = "<group>";
		};
/* End PBXVariantGroup section */

/* Begin XCBuildConfiguration section */
		46C95FF821C8BE3500898151 /* Debug */ = {
			isa = XCBuildConfiguration;
			buildSettings = {
				ALWAYS_SEARCH_USER_PATHS = NO;
				CLANG_ANALYZER_NONNULL = YES;
				CLANG_ANALYZER_NUMBER_OBJECT_CONVERSION = YES_AGGRESSIVE;
				CLANG_CXX_LANGUAGE_STANDARD = "gnu++14";
				CLANG_CXX_LIBRARY = "libc++";
				CLANG_ENABLE_MODULES = YES;
				CLANG_ENABLE_OBJC_ARC = YES;
				CLANG_ENABLE_OBJC_WEAK = YES;
				CLANG_WARN_BLOCK_CAPTURE_AUTORELEASING = YES;
				CLANG_WARN_BOOL_CONVERSION = YES;
				CLANG_WARN_COMMA = YES;
				CLANG_WARN_CONSTANT_CONVERSION = YES;
				CLANG_WARN_DEPRECATED_OBJC_IMPLEMENTATIONS = YES;
				CLANG_WARN_DIRECT_OBJC_ISA_USAGE = YES_ERROR;
				CLANG_WARN_DOCUMENTATION_COMMENTS = YES;
				CLANG_WARN_EMPTY_BODY = YES;
				CLANG_WARN_ENUM_CONVERSION = YES;
				CLANG_WARN_INFINITE_RECURSION = YES;
				CLANG_WARN_INT_CONVERSION = YES;
				CLANG_WARN_NON_LITERAL_NULL_CONVERSION = YES;
				CLANG_WARN_OBJC_IMPLICIT_RETAIN_SELF = YES;
				CLANG_WARN_OBJC_LITERAL_CONVERSION = YES;
				CLANG_WARN_OBJC_ROOT_CLASS = YES_ERROR;
				CLANG_WARN_RANGE_LOOP_ANALYSIS = YES;
				CLANG_WARN_STRICT_PROTOTYPES = YES;
				CLANG_WARN_SUSPICIOUS_MOVE = YES;
				CLANG_WARN_UNGUARDED_AVAILABILITY = YES_AGGRESSIVE;
				CLANG_WARN_UNREACHABLE_CODE = YES;
				CLANG_WARN__DUPLICATE_METHOD_MATCH = YES;
				CODE_SIGN_IDENTITY = "iPhone Developer";
				COPY_PHASE_STRIP = NO;
				DEBUG_INFORMATION_FORMAT = "dwarf-with-dsym";
				ENABLE_STRICT_OBJC_MSGSEND = YES;
				ENABLE_TESTABILITY = YES;
				GCC_C_LANGUAGE_STANDARD = gnu11;
				GCC_DYNAMIC_NO_PIC = NO;
				GCC_NO_COMMON_BLOCKS = YES;
				GCC_OPTIMIZATION_LEVEL = 0;
				GCC_PREPROCESSOR_DEFINITIONS = (
					"DEBUG=1",
					"$(inherited)",
				);
				GCC_WARN_64_TO_32_BIT_CONVERSION = YES;
				GCC_WARN_ABOUT_RETURN_TYPE = YES_ERROR;
				GCC_WARN_UNDECLARED_SELECTOR = YES;
				GCC_WARN_UNINITIALIZED_AUTOS = YES_AGGRESSIVE;
				GCC_WARN_UNUSED_FUNCTION = YES;
				GCC_WARN_UNUSED_VARIABLE = YES;
				IPHONEOS_DEPLOYMENT_TARGET = 12.1;
				MTL_ENABLE_DEBUG_INFO = INCLUDE_SOURCE;
				MTL_FAST_MATH = YES;
				ONLY_ACTIVE_ARCH = YES;
				SDKROOT = iphoneos;
				SWIFT_ACTIVE_COMPILATION_CONDITIONS = DEBUG;
				SWIFT_OPTIMIZATION_LEVEL = "-Onone";
			};
			name = Debug;
		};
		46C95FF921C8BE3500898151 /* Release */ = {
			isa = XCBuildConfiguration;
			buildSettings = {
				ALWAYS_SEARCH_USER_PATHS = NO;
				CLANG_ANALYZER_NONNULL = YES;
				CLANG_ANALYZER_NUMBER_OBJECT_CONVERSION = YES_AGGRESSIVE;
				CLANG_CXX_LANGUAGE_STANDARD = "gnu++14";
				CLANG_CXX_LIBRARY = "libc++";
				CLANG_ENABLE_MODULES = YES;
				CLANG_ENABLE_OBJC_ARC = YES;
				CLANG_ENABLE_OBJC_WEAK = YES;
				CLANG_WARN_BLOCK_CAPTURE_AUTORELEASING = YES;
				CLANG_WARN_BOOL_CONVERSION = YES;
				CLANG_WARN_COMMA = YES;
				CLANG_WARN_CONSTANT_CONVERSION = YES;
				CLANG_WARN_DEPRECATED_OBJC_IMPLEMENTATIONS = YES;
				CLANG_WARN_DIRECT_OBJC_ISA_USAGE = YES_ERROR;
				CLANG_WARN_DOCUMENTATION_COMMENTS = YES;
				CLANG_WARN_EMPTY_BODY = YES;
				CLANG_WARN_ENUM_CONVERSION = YES;
				CLANG_WARN_INFINITE_RECURSION = YES;
				CLANG_WARN_INT_CONVERSION = YES;
				CLANG_WARN_NON_LITERAL_NULL_CONVERSION = YES;
				CLANG_WARN_OBJC_IMPLICIT_RETAIN_SELF = YES;
				CLANG_WARN_OBJC_LITERAL_CONVERSION = YES;
				CLANG_WARN_OBJC_ROOT_CLASS = YES_ERROR;
				CLANG_WARN_RANGE_LOOP_ANALYSIS = YES;
				CLANG_WARN_STRICT_PROTOTYPES = YES;
				CLANG_WARN_SUSPICIOUS_MOVE = YES;
				CLANG_WARN_UNGUARDED_AVAILABILITY = YES_AGGRESSIVE;
				CLANG_WARN_UNREACHABLE_CODE = YES;
				CLANG_WARN__DUPLICATE_METHOD_MATCH = YES;
				CODE_SIGN_IDENTITY = "iPhone Developer";
				COPY_PHASE_STRIP = NO;
				DEBUG_INFORMATION_FORMAT = "dwarf-with-dsym";
				ENABLE_NS_ASSERTIONS = NO;
				ENABLE_STRICT_OBJC_MSGSEND = YES;
				GCC_C_LANGUAGE_STANDARD = gnu11;
				GCC_NO_COMMON_BLOCKS = YES;
				GCC_WARN_64_TO_32_BIT_CONVERSION = YES;
				GCC_WARN_ABOUT_RETURN_TYPE = YES_ERROR;
				GCC_WARN_UNDECLARED_SELECTOR = YES;
				GCC_WARN_UNINITIALIZED_AUTOS = YES_AGGRESSIVE;
				GCC_WARN_UNUSED_FUNCTION = YES;
				GCC_WARN_UNUSED_VARIABLE = YES;
				IPHONEOS_DEPLOYMENT_TARGET = 12.1;
				MTL_ENABLE_DEBUG_INFO = NO;
				MTL_FAST_MATH = YES;
				SDKROOT = iphoneos;
				SWIFT_COMPILATION_MODE = wholemodule;
				SWIFT_OPTIMIZATION_LEVEL = "-O";
				VALIDATE_PRODUCT = YES;
			};
			name = Release;
		};
		46C95FFB21C8BE3500898151 /* Debug */ = {
			isa = XCBuildConfiguration;
			baseConfigurationReference = D0A2E1FACFD896AF6791ECA7 /* Pods-showCrsh.debug.xcconfig */;
			buildSettings = {
				ASSETCATALOG_COMPILER_APPICON_NAME = AppIcon;
				CODE_SIGN_STYLE = Automatic;
				DEVELOPMENT_TEAM = 838JKQK5R8;
				INFOPLIST_FILE = showCrsh/Info.plist;
				LD_RUNPATH_SEARCH_PATHS = (
					"$(inherited)",
					"@executable_path/Frameworks",
				);
				PRODUCT_BUNDLE_IDENTIFIER = com.wbphlox.showCrsh;
				PRODUCT_NAME = "$(TARGET_NAME)";
				SWIFT_VERSION = 4.2;
				TARGETED_DEVICE_FAMILY = "1,2";
			};
			name = Debug;
		};
		46C95FFC21C8BE3500898151 /* Release */ = {
			isa = XCBuildConfiguration;
			baseConfigurationReference = 25E9E45EDD277F61F1DD75AF /* Pods-showCrsh.release.xcconfig */;
			buildSettings = {
				ASSETCATALOG_COMPILER_APPICON_NAME = AppIcon;
				CODE_SIGN_STYLE = Automatic;
				DEVELOPMENT_TEAM = 838JKQK5R8;
				INFOPLIST_FILE = showCrsh/Info.plist;
				LD_RUNPATH_SEARCH_PATHS = (
					"$(inherited)",
					"@executable_path/Frameworks",
				);
				PRODUCT_BUNDLE_IDENTIFIER = com.wbphlox.showCrsh;
				PRODUCT_NAME = "$(TARGET_NAME)";
				SWIFT_VERSION = 4.2;
				TARGETED_DEVICE_FAMILY = "1,2";
			};
			name = Release;
		};
/* End XCBuildConfiguration section */

/* Begin XCConfigurationList section */
		46C95FE021C8BE2C00898151 /* Build configuration list for PBXProject "showCrsh" */ = {
			isa = XCConfigurationList;
			buildConfigurations = (
				46C95FF821C8BE3500898151 /* Debug */,
				46C95FF921C8BE3500898151 /* Release */,
			);
			defaultConfigurationIsVisible = 0;
			defaultConfigurationName = Release;
		};
		46C95FFA21C8BE3500898151 /* Build configuration list for PBXNativeTarget "showCrsh" */ = {
			isa = XCConfigurationList;
			buildConfigurations = (
				46C95FFB21C8BE3500898151 /* Debug */,
				46C95FFC21C8BE3500898151 /* Release */,
			);
			defaultConfigurationIsVisible = 0;
			defaultConfigurationName = Release;
		};
/* End XCConfigurationList section */

/* Begin XCVersionGroup section */
		46C95FEF21C8BE2C00898151 /* showCrsh.xcdatamodeld */ = {
			isa = XCVersionGroup;
			children = (
				46C95FF021C8BE2C00898151 /* showCrsh.xcdatamodel */,
			);
			currentVersion = 46C95FF021C8BE2C00898151 /* showCrsh.xcdatamodel */;
			path = showCrsh.xcdatamodeld;
			sourceTree = "<group>";
			versionGroupType = wrapper.xcdatamodel;
		};
/* End XCVersionGroup section */
	};
	rootObject = 46C95FDD21C8BE2C00898151 /* Project object */;
}
